
Microsoft Visual Studio Solution File, Format Version 12.00
# Visual Studio Version 17
VisualStudioVersion = 17.5.002.0
MinimumVisualStudioVersion = 10.0.40219.1
Project("{9A19103F-16F7-4668-BE54-9A1E7A4F7556}") = "TestProject", "TestProject.csproj", "{D95DD86E-9340-47D1-B993-32F4BBE6364D}"
EndProject
Global
	GlobalSection(SolutionConfigurationPlatforms) = preSolution
		Debug|Any CPU = Debug|Any CPU
		Release|Any CPU = Release|Any CPU
	EndGlobalSection
	GlobalSection(ProjectConfigurationPlatforms) = postSolution
		{D95DD86E-9340-47D1-B993-32F4BBE6364D}.Debug|Any CPU.ActiveCfg = Debug|Any CPU
		{D95DD86E-9340-47D1-B993-32F4BBE6364D}.Debug|Any CPU.Build.0 = Debug|Any CPU
		{D95DD86E-9340-47D1-B993-32F4BBE6364D}.Release|Any CPU.ActiveCfg = Release|Any CPU
		{D95DD86E-9340-47D1-B993-32F4BBE6364D}.Release|Any CPU.Build.0 = Release|Any CPU
	EndGlobalSection
	GlobalSection(SolutionProperties) = preSolution
		HideSolutionNode = FALSE
	EndGlobalSection
	GlobalSection(ExtensibilityGlobals) = postSolution
		SolutionGuid = {47D3C847-9B05-4E3A-A7FA-9F35CD5FFDF7}
	EndGlobalSection
EndGlobal
